
Microsoft Visual Studio Solution File, Format Version 12.00
# Visual Studio Version 17
VisualStudioVersion = 17.0.31903.59
MinimumVisualStudioVersion = 10.0.40219.1
Project("{2150E333-8FDC-42A3-9474-1A3956D46DE8}") = "Source", "Source", "{B8EFCA5F-814F-285C-A8CB-F00F14650265}"
EndProject
Project("{2150E333-8FDC-42A3-9474-1A3956D46DE8}") = "Shared", "Shared", "{2C8C2E8C-B291-FDA6-14A6-E840CFABD371}"
EndProject
Project("{FAE04EC0-301F-11D3-BF4B-00C04F79EFBC}") = "MathC.Math", "Source\Shared\MathC.Math\MathC.Math.csproj", "{8109A305-3145-4EE4-9C1B-C1B2F02B81BB}"
EndProject
Project("{2150E333-8FDC-42A3-9474-1A3956D46DE8}") = "UI", "UI", "{629AF908-9321-7D35-BC77-35C3EB1F463C}"
EndProject
Project("{FAE04EC0-301F-11D3-BF4B-00C04F79EFBC}") = "MathC.Console", "Source\UI\MathC.Console\MathC.Console.csproj", "{967BCF99-47C0-4928-B3B7-A4951106D52F}"
EndProject
Project("{2150E333-8FDC-42A3-9474-1A3956D46DE8}") = "Tests", "Tests", "{0AB3BF05-4346-4AA6-1389-037BE0695223}"
EndProject
Project("{2150E333-8FDC-42A3-9474-1A3956D46DE8}") = "Shared", "Shared", "{D0D6B8B0-AC35-B3FA-0B96-A9B0E4A3253E}"
EndProject
Project("{FAE04EC0-301F-11D3-BF4B-00C04F79EFBC}") = "MathC.Math.Test", "Tests\Shared\MathC.Math.Test\MathC.Math.Test.csproj", "{8DB8C7AB-AF72-4594-98CE-14D6D896041A}"
EndProject
Global
	GlobalSection(SolutionConfigurationPlatforms) = preSolution
		Debug|Any CPU = Debug|Any CPU
		Debug|x64 = Debug|x64
		Debug|x86 = Debug|x86
		Release|Any CPU = Release|Any CPU
		Release|x64 = Release|x64
		Release|x86 = Release|x86
	EndGlobalSection
	GlobalSection(ProjectConfigurationPlatforms) = postSolution
		{8109A305-3145-4EE4-9C1B-C1B2F02B81BB}.Debug|Any CPU.ActiveCfg = Debug|Any CPU
		{8109A305-3145-4EE4-9C1B-C1B2F02B81BB}.Debug|Any CPU.Build.0 = Debug|Any CPU
		{8109A305-3145-4EE4-9C1B-C1B2F02B81BB}.Debug|x64.ActiveCfg = Debug|Any CPU
		{8109A305-3145-4EE4-9C1B-C1B2F02B81BB}.Debug|x64.Build.0 = Debug|Any CPU
		{8109A305-3145-4EE4-9C1B-C1B2F02B81BB}.Debug|x86.ActiveCfg = Debug|Any CPU
		{8109A305-3145-4EE4-9C1B-C1B2F02B81BB}.Debug|x86.Build.0 = Debug|Any CPU
		{8109A305-3145-4EE4-9C1B-C1B2F02B81BB}.Release|Any CPU.ActiveCfg = Release|Any CPU
		{8109A305-3145-4EE4-9C1B-C1B2F02B81BB}.Release|Any CPU.Build.0 = Release|Any CPU
		{8109A305-3145-4EE4-9C1B-C1B2F02B81BB}.Release|x64.ActiveCfg = Release|Any CPU
		{8109A305-3145-4EE4-9C1B-C1B2F02B81BB}.Release|x64.Build.0 = Release|Any CPU
		{8109A305-3145-4EE4-9C1B-C1B2F02B81BB}.Release|x86.ActiveCfg = Release|Any CPU
		{8109A305-3145-4EE4-9C1B-C1B2F02B81BB}.Release|x86.Build.0 = Release|Any CPU
		{967BCF99-47C0-4928-B3B7-A4951106D52F}.Debug|Any CPU.ActiveCfg = Debug|Any CPU
		{967BCF99-47C0-4928-B3B7-A4951106D52F}.Debug|Any CPU.Build.0 = Debug|Any CPU
		{967BCF99-47C0-4928-B3B7-A4951106D52F}.Debug|x64.ActiveCfg = Debug|Any CPU
		{967BCF99-47C0-4928-B3B7-A4951106D52F}.Debug|x64.Build.0 = Debug|Any CPU
		{967BCF99-47C0-4928-B3B7-A4951106D52F}.Debug|x86.ActiveCfg = Debug|Any CPU
		{967BCF99-47C0-4928-B3B7-A4951106D52F}.Debug|x86.Build.0 = Debug|Any CPU
		{967BCF99-47C0-4928-B3B7-A4951106D52F}.Release|Any CPU.ActiveCfg = Release|Any CPU
		{967BCF99-47C0-4928-B3B7-A4951106D52F}.Release|Any CPU.Build.0 = Release|Any CPU
		{967BCF99-47C0-4928-B3B7-A4951106D52F}.Release|x64.ActiveCfg = Release|Any CPU
		{967BCF99-47C0-4928-B3B7-A4951106D52F}.Release|x64.Build.0 = Release|Any CPU
		{967BCF99-47C0-4928-B3B7-A4951106D52F}.Release|x86.ActiveCfg = Release|Any CPU
		{967BCF99-47C0-4928-B3B7-A4951106D52F}.Release|x86.Build.0 = Release|Any CPU
		{8DB8C7AB-AF72-4594-98CE-14D6D896041A}.Debug|Any CPU.ActiveCfg = Debug|Any CPU
		{8DB8C7AB-AF72-4594-98CE-14D6D896041A}.Debug|Any CPU.Build.0 = Debug|Any CPU
		{8DB8C7AB-AF72-4594-98CE-14D6D896041A}.Debug|x64.ActiveCfg = Debug|Any CPU
		{8DB8C7AB-AF72-4594-98CE-14D6D896041A}.Debug|x64.Build.0 = Debug|Any CPU
		{8DB8C7AB-AF72-4594-98CE-14D6D896041A}.Debug|x86.ActiveCfg = Debug|Any CPU
		{8DB8C7AB-AF72-4594-98CE-14D6D896041A}.Debug|x86.Build.0 = Debug|Any CPU
		{8DB8C7AB-AF72-4594-98CE-14D6D896041A}.Release|Any CPU.ActiveCfg = Release|Any CPU
		{8DB8C7AB-AF72-4594-98CE-14D6D896041A}.Release|Any CPU.Build.0 = Release|Any CPU
		{8DB8C7AB-AF72-4594-98CE-14D6D896041A}.Release|x64.ActiveCfg = Release|Any CPU
		{8DB8C7AB-AF72-4594-98CE-14D6D896041A}.Release|x64.Build.0 = Release|Any CPU
		{8DB8C7AB-AF72-4594-98CE-14D6D896041A}.Release|x86.ActiveCfg = Release|Any CPU
		{8DB8C7AB-AF72-4594-98CE-14D6D896041A}.Release|x86.Build.0 = Release|Any CPU
	EndGlobalSection
	GlobalSection(SolutionProperties) = preSolution
		HideSolutionNode = FALSE
	EndGlobalSection
	GlobalSection(NestedProjects) = preSolution
		{2C8C2E8C-B291-FDA6-14A6-E840CFABD371} = {B8EFCA5F-814F-285C-A8CB-F00F14650265}
		{8109A305-3145-4EE4-9C1B-C1B2F02B81BB} = {2C8C2E8C-B291-FDA6-14A6-E840CFABD371}
		{629AF908-9321-7D35-BC77-35C3EB1F463C} = {B8EFCA5F-814F-285C-A8CB-F00F14650265}
		{967BCF99-47C0-4928-B3B7-A4951106D52F} = {629AF908-9321-7D35-BC77-35C3EB1F463C}
		{D0D6B8B0-AC35-B3FA-0B96-A9B0E4A3253E} = {0AB3BF05-4346-4AA6-1389-037BE0695223}
		{8DB8C7AB-AF72-4594-98CE-14D6D896041A} = {D0D6B8B0-AC35-B3FA-0B96-A9B0E4A3253E}
	EndGlobalSection
EndGlobal
